{
  "schema_version": 1,
  "root_node_id": "sha256-8abe6b359fb8a56b9b2e99bd01f327f8937f2c7757470224f2ffcb3c63729559",
  "nodes": [
    {
      "node_id": "sha256-8abe6b359fb8a56b9b2e99bd01f327f8937f2c7757470224f2ffcb3c63729559",
      "package_id": "dev.aerynos.smia",
      "source": {
        "kind": "root"
      },
      "content_digest": "sha256-c71a77828fa31ec4f2bb0c062ead80b72ef6b3a732d88307161e47b225f392ff",
      "dependencies": [],
      "components": []
    }
  ]
}
