{
  "schema_version": 1,
  "root_node_id": "sha256-5eef3cec3ab25844619f2c1a7c30f9bbdd0575b70cc9318b4562774db0729da5",
  "nodes": [
    {
      "node_id": "sha256-5eef3cec3ab25844619f2c1a7c30f9bbdd0575b70cc9318b4562774db0729da5",
      "package_id": "dev.aerynos.smia",
      "source": {
        "kind": "root"
      },
      "content_digest": "sha256-fc0ce0f4eaacc59a1fe5e1e1331cbceb59a3a5a9ec554fecbd74ea20952261a4",
      "dependencies": [],
      "components": [
        {
          "name": "render-lua-data",
          "path": "vendor/render-lua-data.wasm",
          "digest": "sha256-5c95310034f813d8e9e6e85041ec80f3cdb7342707ccf8a80510476dc0d1f9e4",
          "interface": "format-component/v1",
          "execution_profile": "sha256-04e65236a70c15dd5106430b6848ae5e0ddeb7f9ac5b907b5c6a916a146f7c58"
        }
      ]
    }
  ]
}
